// !$*UTF8*$!
{
	archiveVersion = 1;
	classes = {
	};
	objectVersion = 48;
	objects = {

/* Begin PBXBuildFile section */
		1B2325B11FD24BAE00DF4FE2 /* AppDelegate.swift in Sources */ = {isa = PBXBuildFile; fileRef = 1B2325B01FD24BAE00DF4FE2 /* AppDelegate.swift */; };
		1B2325B31FD24BAE00DF4FE2 /* Assets.xcassets in Resources */ = {isa = PBXBuildFile; fileRef = 1B2325B21FD24BAE00DF4FE2 /* Assets.xcassets */; };
		1B2325B61FD24BAE00DF4FE2 /* MainMenu.xib in Resources */ = {isa = PBXBuildFile; fileRef = 1B2325B41FD24BAE00DF4FE2 /* MainMenu.xib */; };
		1B2325BF1FD2507A00DF4FE2 /* StatusMenuController.swift in Sources */ = {isa = PBXBuildFile; fileRef = 1B2325BE1FD2507A00DF4FE2 /* StatusMenuController.swift */; };
		1B2325C11FD25FDE00DF4FE2 /* BigHonkingText in Resources */ = {isa = PBXBuildFile; fileRef = 1B2325C01FD25FDE00DF4FE2 /* BigHonkingText */; };
/* End PBXBuildFile section */

/* Begin PBXFileReference section */
		1B2325AD1FD24BAE00DF4FE2 /* KISDmenubar.app */ = {isa = PBXFileReference; explicitFileType = wrapper.application; includeInIndex = 0; path = KISDmenubar.app; sourceTree = BUILT_PRODUCTS_DIR; };
		1B2325B01FD24BAE00DF4FE2 /* AppDelegate.swift */ = {isa = PBXFileReference; lastKnownFileType = sourcecode.swift; path = AppDelegate.swift; sourceTree = "<group>"; };
		1B2325B21FD24BAE00DF4FE2 /* Assets.xcassets */ = {isa = PBXFileReference; lastKnownFileType = folder.assetcatalog; path = Assets.xcassets; sourceTree = "<group>"; };
		1B2325B51FD24BAE00DF4FE2 /* Base */ = {isa = PBXFileReference; lastKnownFileType = file.xib; name = Base; path = Base.lproj/MainMenu.xib; sourceTree = "<group>"; };
		1B2325B71FD24BAE00DF4FE2 /* Info.plist */ = {isa = PBXFileReference; lastKnownFileType = text.plist.xml; path = Info.plist; sourceTree = "<group>"; };
		1B2325B81FD24BAE00DF4FE2 /* KISDmenubar.entitlements */ = {isa = PBXFileReference; lastKnownFileType = text.plist.entitlements; path = KISDmenubar.entitlements; sourceTree = "<group>"; };
		1B2325BE1FD2507A00DF4FE2 /* StatusMenuController.swift */ = {isa = PBXFileReference; lastKnownFileType = sourcecode.swift; path = StatusMenuController.swift; sourceTree = "<group>"; };
		1B2325C01FD25FDE00DF4FE2 /* BigHonkingText */ = {isa = PBXFileReference; lastKnownFileType = "compiled.mach-o.executable"; path = BigHonkingText; sourceTree = "<group>"; };
/* End PBXFileReference section */

/* Begin PBXFrameworksBuildPhase section */
		1B2325AA1FD24BAE00DF4FE2 /* Frameworks */ = {
			isa = PBXFrameworksBuildPhase;
			buildActionMask = 2147483647;
			files = (
			);
			runOnlyForDeploymentPostprocessing = 0;
		};
/* End PBXFrameworksBuildPhase section */

/* Begin PBXGroup section */
		1B2325A41FD24BAE00DF4FE2 = {
			isa = PBXGroup;
			children = (
				1B2325AF1FD24BAE00DF4FE2 /* KISDmenubar */,
				1B2325AE1FD24BAE00DF4FE2 /* Products */,
			);
			sourceTree = "<group>";
		};
		1B2325AE1FD24BAE00DF4FE2 /* Products */ = {
			isa = PBXGroup;
			children = (
				1B2325AD1FD24BAE00DF4FE2 /* KISDmenubar.app */,
			);
			name = Products;
			sourceTree = "<group>";
		};
		1B2325AF1FD24BAE00DF4FE2 /* KISDmenubar */ = {
			isa = PBXGroup;
			children = (
				1B2325B01FD24BAE00DF4FE2 /* AppDelegate.swift */,
				1B2325BE1FD2507A00DF4FE2 /* StatusMenuController.swift */,
				1B2325B21FD24BAE00DF4FE2 /* Assets.xcassets */,
				1B2325B41FD24BAE00DF4FE2 /* MainMenu.xib */,
				1B2325B71FD24BAE00DF4FE2 /* Info.plist */,
				1B2325B81FD24BAE00DF4FE2 /* KISDmenubar.entitlements */,
				1B2325C01FD25FDE00DF4FE2 /* BigHonkingText */,
			);
			path = KISDmenubar;
			sourceTree = "<group>";
		};
/* End PBXGroup section */

/* Begin PBXNativeTarget section */
		1B2325AC1FD24BAE00DF4FE2 /* KISDmenubar */ = {
			isa = PBXNativeTarget;
			buildConfigurationList = 1B2325BB1FD24BAE00DF4FE2 /* Build configuration list for PBXNativeTarget "KISDmenubar" */;
			buildPhases = (
				1B2325A91FD24BAE00DF4FE2 /* Sources */,
				1B2325AA1FD24BAE00DF4FE2 /* Frameworks */,
				1B2325AB1FD24BAE00DF4FE2 /* Resources */,
			);
			buildRules = (
			);
			dependencies = (
			);
			name = KISDmenubar;
			productName = KISDmenubar;
			productReference = 1B2325AD1FD24BAE00DF4FE2 /* KISDmenubar.app */;
			productType = "com.apple.product-type.application";
		};
/* End PBXNativeTarget section */

/* Begin PBXProject section */
		1B2325A51FD24BAE00DF4FE2 /* Project object */ = {
			isa = PBXProject;
			attributes = {
				LastSwiftUpdateCheck = 0910;
				LastUpgradeCheck = 0910;
				ORGANIZATIONNAME = "Donovan, Mike";
				TargetAttributes = {
					1B2325AC1FD24BAE00DF4FE2 = {
						CreatedOnToolsVersion = 9.1;
						ProvisioningStyle = Automatic;
						SystemCapabilities = {
							com.apple.Sandbox = {
								enabled = 0;
							};
						};
					};
				};
			};
			buildConfigurationList = 1B2325A81FD24BAE00DF4FE2 /* Build configuration list for PBXProject "KISDmenubar" */;
			compatibilityVersion = "Xcode 8.0";
			developmentRegion = en;
			hasScannedForEncodings = 0;
			knownRegions = (
				en,
				Base,
			);
			mainGroup = 1B2325A41FD24BAE00DF4FE2;
			productRefGroup = 1B2325AE1FD24BAE00DF4FE2 /* Products */;
			projectDirPath = "";
			projectRoot = "";
			targets = (
				1B2325AC1FD24BAE00DF4FE2 /* KISDmenubar */,
			);
		};
/* End PBXProject section */

/* Begin PBXResourcesBuildPhase section */
		1B2325AB1FD24BAE00DF4FE2 /* Resources */ = {
			isa = PBXResourcesBuildPhase;
			buildActionMask = 2147483647;
			files = (
				1B2325C11FD25FDE00DF4FE2 /* BigHonkingText in Resources */,
				1B2325B31FD24BAE00DF4FE2 /* Assets.xcassets in Resources */,
				1B2325B61FD24BAE00DF4FE2 /* MainMenu.xib in Resources */,
			);
			runOnlyForDeploymentPostprocessing = 0;
		};
/* End PBXResourcesBuildPhase section */

/* Begin PBXSourcesBuildPhase section */
		1B2325A91FD24BAE00DF4FE2 /* Sources */ = {
			isa = PBXSourcesBuildPhase;
			buildActionMask = 2147483647;
			files = (
				1B2325BF1FD2507A00DF4FE2 /* StatusMenuController.swift in Sources */,
				1B2325B11FD24BAE00DF4FE2 /* AppDelegate.swift in Sources */,
			);
			runOnlyForDeploymentPostprocessing = 0;
		};
/* End PBXSourcesBuildPhase section */

/* Begin PBXVariantGroup section */
		1B2325B41FD24BAE00DF4FE2 /* MainMenu.xib */ = {
			isa = PBXVariantGroup;
			children = (
				1B2325B51FD24BAE00DF4FE2 /* Base */,
			);
			name = MainMenu.xib;
			sourceTree = "<group>";
		};
/* End PBXVariantGroup section */

/* Begin XCBuildConfiguration section */
		1B2325B91FD24BAE00DF4FE2 /* Debug */ = {
			isa = XCBuildConfiguration;
			buildSettings = {
				ALWAYS_SEARCH_USER_PATHS = NO;
				CLANG_ANALYZER_NONNULL = YES;
				CLANG_ANALYZER_NUMBER_OBJECT_CONVERSION = YES_AGGRESSIVE;
				CLANG_CXX_LANGUAGE_STANDARD = "gnu++14";
				CLANG_CXX_LIBRARY = "libc++";
				CLANG_ENABLE_MODULES = YES;
				CLANG_ENABLE_OBJC_ARC = YES;
				CLANG_WARN_BLOCK_CAPTURE_AUTORELEASING = YES;
				CLANG_WARN_BOOL_CONVERSION = YES;
				CLANG_WARN_COMMA = YES;
				CLANG_WARN_CONSTANT_CONVERSION = YES;
				CLANG_WARN_DIRECT_OBJC_ISA_USAGE = YES_ERROR;
				CLANG_WARN_DOCUMENTATION_COMMENTS = YES;
				CLANG_WARN_EMPTY_BODY = YES;
				CLANG_WARN_ENUM_CONVERSION = YES;
				CLANG_WARN_INFINITE_RECURSION = YES;
				CLANG_WARN_INT_CONVERSION = YES;
				CLANG_WARN_NON_LITERAL_NULL_CONVERSION = YES;
				CLANG_WARN_OBJC_LITERAL_CONVERSION = YES;
				CLANG_WARN_OBJC_ROOT_CLASS = YES_ERROR;
				CLANG_WARN_RANGE_LOOP_ANALYSIS = YES;
				CLANG_WARN_STRICT_PROTOTYPES = YES;
				CLANG_WARN_SUSPICIOUS_MOVE = YES;
				CLANG_WARN_UNGUARDED_AVAILABILITY = YES_AGGRESSIVE;
				CLANG_WARN_UNREACHABLE_CODE = YES;
				CLANG_WARN__DUPLICATE_METHOD_MATCH = YES;
				CODE_SIGN_IDENTITY = "Mac Developer";
				COPY_PHASE_STRIP = NO;
				DEBUG_INFORMATION_FORMAT = dwarf;
				ENABLE_STRICT_OBJC_MSGSEND = YES;
				ENABLE_TESTABILITY = YES;
				GCC_C_LANGUAGE_STANDARD = gnu11;
				GCC_DYNAMIC_NO_PIC = NO;
				GCC_NO_COMMON_BLOCKS = YES;
				GCC_OPTIMIZATION_LEVEL = 0;
				GCC_PREPROCESSOR_DEFINITIONS = (
					"DEBUG=1",
					"$(inherited)",
				);
				GCC_WARN_64_TO_32_BIT_CONVERSION = YES;
				GCC_WARN_ABOUT_RETURN_TYPE = YES_ERROR;
				GCC_WARN_UNDECLARED_SELECTOR = YES;
				GCC_WARN_UNINITIALIZED_AUTOS = YES_AGGRESSIVE;
				GCC_WARN_UNUSED_FUNCTION = YES;
				GCC_WARN_UNUSED_VARIABLE = YES;
				MACOSX_DEPLOYMENT_TARGET = 10.13;
				MTL_ENABLE_DEBUG_INFO = YES;
				ONLY_ACTIVE_ARCH = YES;
				SDKROOT = macosx;
				SWIFT_ACTIVE_COMPILATION_CONDITIONS = DEBUG;
				SWIFT_OPTIMIZATION_LEVEL = "-Onone";
			};
			name = Debug;
		};
		1B2325BA1FD24BAE00DF4FE2 /* Release */ = {
			isa = XCBuildConfiguration;
			buildSettings = {
				ALWAYS_SEARCH_USER_PATHS = NO;
				CLANG_ANALYZER_NONNULL = YES;
				CLANG_ANALYZER_NUMBER_OBJECT_CONVERSION = YES_AGGRESSIVE;
				CLANG_CXX_LANGUAGE_STANDARD = "gnu++14";
				CLANG_CXX_LIBRARY = "libc++";
				CLANG_ENABLE_MODULES = YES;
				CLANG_ENABLE_OBJC_ARC = YES;
				CLANG_WARN_BLOCK_CAPTURE_AUTORELEASING = YES;
				CLANG_WARN_BOOL_CONVERSION = YES;
				CLANG_WARN_COMMA = YES;
				CLANG_WARN_CONSTANT_CONVERSION = YES;
				CLANG_WARN_DIRECT_OBJC_ISA_USAGE = YES_ERROR;
				CLANG_WARN_DOCUMENTATION_COMMENTS = YES;
				CLANG_WARN_EMPTY_BODY = YES;
				CLANG_WARN_ENUM_CONVERSION = YES;
				CLANG_WARN_INFINITE_RECURSION = YES;
				CLANG_WARN_INT_CONVERSION = YES;
				CLANG_WARN_NON_LITERAL_NULL_CONVERSION = YES;
				CLANG_WARN_OBJC_LITERAL_CONVERSION = YES;
				CLANG_WARN_OBJC_ROOT_CLASS = YES_ERROR;
				CLANG_WARN_RANGE_LOOP_ANALYSIS = YES;
				CLANG_WARN_STRICT_PROTOTYPES = YES;
				CLANG_WARN_SUSPICIOUS_MOVE = YES;
				CLANG_WARN_UNGUARDED_AVAILABILITY = YES_AGGRESSIVE;
				CLANG_WARN_UNREACHABLE_CODE = YES;
				CLANG_WARN__DUPLICATE_METHOD_MATCH = YES;
				CODE_SIGN_IDENTITY = "Mac Developer";
				COPY_PHASE_STRIP = NO;
				DEBUG_INFORMATION_FORMAT = "dwarf-with-dsym";
				ENABLE_NS_ASSERTIONS = NO;
				ENABLE_STRICT_OBJC_MSGSEND = YES;
				GCC_C_LANGUAGE_STANDARD = gnu11;
				GCC_NO_COMMON_BLOCKS = YES;
				GCC_WARN_64_TO_32_BIT_CONVERSION = YES;
				GCC_WARN_ABOUT_RETURN_TYPE = YES_ERROR;
				GCC_WARN_UNDECLARED_SELECTOR = YES;
				GCC_WARN_UNINITIALIZED_AUTOS = YES_AGGRESSIVE;
				GCC_WARN_UNUSED_FUNCTION = YES;
				GCC_WARN_UNUSED_VARIABLE = YES;
				MACOSX_DEPLOYMENT_TARGET = 10.13;
				MTL_ENABLE_DEBUG_INFO = NO;
				SDKROOT = macosx;
				SWIFT_OPTIMIZATION_LEVEL = "-Owholemodule";
			};
			name = Release;
		};
		1B2325BC1FD24BAE00DF4FE2 /* Debug */ = {
			isa = XCBuildConfiguration;
			buildSettings = {
				ASSETCATALOG_COMPILER_APPICON_NAME = AppIcon;
				CODE_SIGN_STYLE = Automatic;
				COMBINE_HIDPI_IMAGES = YES;
				DEVELOPMENT_TEAM = 796VWA3TTT;
				INFOPLIST_FILE = KISDmenubar/Info.plist;
				LD_RUNPATH_SEARCH_PATHS = "$(inherited) @executable_path/../Frameworks";
				PRODUCT_BUNDLE_IDENTIFIER = org.killeenisd.KISDmenubar;
				PRODUCT_NAME = "$(TARGET_NAME)";
				SWIFT_VERSION = 4.0;
			};
			name = Debug;
		};
		1B2325BD1FD24BAE00DF4FE2 /* Release */ = {
			isa = XCBuildConfiguration;
			buildSettings = {
				ASSETCATALOG_COMPILER_APPICON_NAME = AppIcon;
				CODE_SIGN_STYLE = Automatic;
				COMBINE_HIDPI_IMAGES = YES;
				DEVELOPMENT_TEAM = 796VWA3TTT;
				INFOPLIST_FILE = KISDmenubar/Info.plist;
				LD_RUNPATH_SEARCH_PATHS = "$(inherited) @executable_path/../Frameworks";
				PRODUCT_BUNDLE_IDENTIFIER = org.killeenisd.KISDmenubar;
				PRODUCT_NAME = "$(TARGET_NAME)";
				SWIFT_VERSION = 4.0;
			};
			name = Release;
		};
/* End XCBuildConfiguration section */

/* Begin XCConfigurationList section */
		1B2325A81FD24BAE00DF4FE2 /* Build configuration list for PBXProject "KISDmenubar" */ = {
			isa = XCConfigurationList;
			buildConfigurations = (
				1B2325B91FD24BAE00DF4FE2 /* Debug */,
				1B2325BA1FD24BAE00DF4FE2 /* Release */,
			);
			defaultConfigurationIsVisible = 0;
			defaultConfigurationName = Release;
		};
		1B2325BB1FD24BAE00DF4FE2 /* Build configuration list for PBXNativeTarget "KISDmenubar" */ = {
			isa = XCConfigurationList;
			buildConfigurations = (
				1B2325BC1FD24BAE00DF4FE2 /* Debug */,
				1B2325BD1FD24BAE00DF4FE2 /* Release */,
			);
			defaultConfigurationIsVisible = 0;
			defaultConfigurationName = Release;
		};
/* End XCConfigurationList section */
	};
	rootObject = 1B2325A51FD24BAE00DF4FE2 /* Project object */;
}
